# THIS IS AN AUTOGENERATED FILE. DO NOT EDIT THIS FILE DIRECTLY.
# yarn lockfile v1


"@babel/runtime@^7.7.6":
  version "7.16.0"
  resolved "https://registry.yarnpkg.com/@babel/runtime/-/runtime-7.16.0.tgz#e27b977f2e2088ba24748bf99b5e1dece64e4f0b"
  integrity sha512-Nht8L0O8YCktmsDV6FqFue7vQLRx3Hb0B37lS5y0jDRqRxlBG4wIJHnf9/bgSE2UyipKFA01YtS+npRdTWBUyw==
  dependencies:
    regenerator-runtime "^0.13.4"

history@5, history@^5.1.0:
  version "5.1.0"
  resolved "https://registry.yarnpkg.com/history/-/history-5.1.0.tgz#2e93c09c064194d38d52ed62afd0afc9d9b01ece"
  integrity sha512-zPuQgPacm2vH2xdORvGGz1wQMuHSIB56yNAy5FnLuwOwgSYyPKptJtcMm6Ev+hRGeS+GzhbmRacHzvlESbFwDg==
  dependencies:
    "@babel/runtime" "^7.7.6"

react-router-dom@6:
  version "6.0.1"
  resolved "https://registry.yarnpkg.com/react-router-dom/-/react-router-dom-6.0.1.tgz#958d5deac8932ce209001ba7a11d5ae605148856"
  integrity sha512-fiE+PzFTrof5q8Z/+RHzuiin9/U/q5KY2adlHClwYexbY0DqJnHcC/0U9yv3Amz9em2/bcK7X8mk7+zxB+qhvg==
  dependencies:
    history "^5.1.0"
    react-router "6.0.1"

react-router@6.0.1:
  version "6.0.1"
  resolved "https://registry.yarnpkg.com/react-router/-/react-router-6.0.1.tgz#3fe93ad11f91fb55e242a42628414cb47219e652"
  integrity sha512-O3iab52icFnQaHWONZr50CcjRlf3gx8CCjPQ0YxN8xEuEklRJNgoZSeoYFYz0fLvA4cpnhc306Nd8BYgL4QZrQ==
  dependencies:
    history "^5.1.0"

regenerator-runtime@^0.13.4:
  version "0.13.9"
  resolved "https://registry.yarnpkg.com/regenerator-runtime/-/regenerator-runtime-0.13.9.tgz#8925742a98ffd90814988d7566ad30ca3b263b52"
  integrity sha512-p3VT+cOEgxFsRRA9X4lkI1E+k2/CtnKtU4gcxyaCUreilL/vqI6CdZ3wxVUx3UOUg+gnUOQQcRI7BmSI656MYA==
